
Microsoft Visual Studio Solution File, Format Version 12.00
# Visual Studio Version 17
VisualStudioVersion = 17.13.35825.156 d17.13
MinimumVisualStudioVersion = 10.0.40219.1
Project("{54A90642-561A-4BB1-A94E-469ADEE60C69}") = "hms.client", "hms.client\hms.client.esproj", "{E0253749-120A-3667-1E91-F2D08593033A}"
EndProject
Project("{FAE04EC0-301F-11D3-BF4B-00C04F79EFBC}") = "HMS.Server", "HMS.Server\HMS.Server.csproj", "{03CCDBBA-5112-429E-8EB2-47830CF39DA3}"
EndProject
Global
	GlobalSection(SolutionConfigurationPlatforms) = preSolution
		Debug|Any CPU = Debug|Any CPU
		Release|Any CPU = Release|Any CPU
	EndGlobalSection
	GlobalSection(ProjectConfigurationPlatforms) = postSolution
		{E0253749-120A-3667-1E91-F2D08593033A}.Debug|Any CPU.ActiveCfg = Debug|Any CPU
		{E0253749-120A-3667-1E91-F2D08593033A}.Debug|Any CPU.Build.0 = Debug|Any CPU
		{E0253749-120A-3667-1E91-F2D08593033A}.Debug|Any CPU.Deploy.0 = Debug|Any CPU
		{E0253749-120A-3667-1E91-F2D08593033A}.Release|Any CPU.ActiveCfg = Release|Any CPU
		{E0253749-120A-3667-1E91-F2D08593033A}.Release|Any CPU.Build.0 = Release|Any CPU
		{E0253749-120A-3667-1E91-F2D08593033A}.Release|Any CPU.Deploy.0 = Release|Any CPU
		{03CCDBBA-5112-429E-8EB2-47830CF39DA3}.Debug|Any CPU.ActiveCfg = Debug|Any CPU
		{03CCDBBA-5112-429E-8EB2-47830CF39DA3}.Debug|Any CPU.Build.0 = Debug|Any CPU
		{03CCDBBA-5112-429E-8EB2-47830CF39DA3}.Release|Any CPU.ActiveCfg = Release|Any CPU
		{03CCDBBA-5112-429E-8EB2-47830CF39DA3}.Release|Any CPU.Build.0 = Release|Any CPU
	EndGlobalSection
	GlobalSection(SolutionProperties) = preSolution
		HideSolutionNode = FALSE
	EndGlobalSection
	GlobalSection(ExtensibilityGlobals) = postSolution
		SolutionGuid = {6022271C-00AC-4ABA-AA36-D0F5DC734377}
	EndGlobalSection
EndGlobal
